
Microsoft Visual Studio Solution File, Format Version 12.00
# Visual Studio 15
VisualStudioVersion = 15.0.27004.2002
MinimumVisualStudioVersion = 10.0.40219.1
Project("{FAE04EC0-301F-11D3-BF4B-00C04F79EFBC}") = "SupportFilesMono", "SupportFiles\SupportFilesMono.csproj", "{FC609976-A1D5-4B4B-8A28-E83E61FFA447}"
EndProject
Global
	GlobalSection(SolutionConfigurationPlatforms) = preSolution
		Debug|Any CPU = Debug|Any CPU
		Release|Any CPU = Release|Any CPU
	EndGlobalSection
	GlobalSection(ProjectConfigurationPlatforms) = postSolution
		{FC609976-A1D5-4B4B-8A28-E83E61FFA447}.Debug|Any CPU.ActiveCfg = Debug|Any CPU
		{FC609976-A1D5-4B4B-8A28-E83E61FFA447}.Debug|Any CPU.Build.0 = Debug|Any CPU
		{FC609976-A1D5-4B4B-8A28-E83E61FFA447}.Release|Any CPU.ActiveCfg = Release|Any CPU
		{FC609976-A1D5-4B4B-8A28-E83E61FFA447}.Release|Any CPU.Build.0 = Release|Any CPU
	EndGlobalSection
	GlobalSection(SolutionProperties) = preSolution
		HideSolutionNode = FALSE
	EndGlobalSection
	GlobalSection(ExtensibilityGlobals) = postSolution
		SolutionGuid = {53881D72-27CD-4D5D-952F-8D8445BB7E11}
	EndGlobalSection
EndGlobal
